
Microsoft Visual Studio Solution File, Format Version 12.00
# Visual Studio Version 17
VisualStudioVersion = 17.14.36414.22 d17.14
MinimumVisualStudioVersion = 10.0.40219.1
Project("{FAE04EC0-301F-11D3-BF4B-00C04F79EFBC}") = "GestionTareasAPI", "GestionTareasAPI\GestionTareasAPI.csproj", "{3E039B85-CA91-4688-AB9C-F152E315B1CB}"
EndProject
Global
	GlobalSection(SolutionConfigurationPlatforms) = preSolution
		Debug|Any CPU = Debug|Any CPU
		Release|Any CPU = Release|Any CPU
	EndGlobalSection
	GlobalSection(ProjectConfigurationPlatforms) = postSolution
		{3E039B85-CA91-4688-AB9C-F152E315B1CB}.Debug|Any CPU.ActiveCfg = Debug|Any CPU
		{3E039B85-CA91-4688-AB9C-F152E315B1CB}.Debug|Any CPU.Build.0 = Debug|Any CPU
		{3E039B85-CA91-4688-AB9C-F152E315B1CB}.Release|Any CPU.ActiveCfg = Release|Any CPU
		{3E039B85-CA91-4688-AB9C-F152E315B1CB}.Release|Any CPU.Build.0 = Release|Any CPU
	EndGlobalSection
	GlobalSection(SolutionProperties) = preSolution
		HideSolutionNode = FALSE
	EndGlobalSection
	GlobalSection(ExtensibilityGlobals) = postSolution
		SolutionGuid = {9B1E6BA2-8959-4B03-8A60-4C210B5F8A38}
	EndGlobalSection
EndGlobal
